
Microsoft Visual Studio Solution File, Format Version 12.00
# Visual Studio Version 17
VisualStudioVersion = 17.10.35013.160
MinimumVisualStudioVersion = 10.0.40219.1
Project("{FAE04EC0-301F-11D3-BF4B-00C04F79EFBC}") = "PruebaA", "PruebaA\PruebaA.csproj", "{F5B6E105-4362-4601-946E-6F820147930F}"
EndProject
Global
	GlobalSection(SolutionConfigurationPlatforms) = preSolution
		Debug|Any CPU = Debug|Any CPU
		Release|Any CPU = Release|Any CPU
	EndGlobalSection
	GlobalSection(ProjectConfigurationPlatforms) = postSolution
		{F5B6E105-4362-4601-946E-6F820147930F}.Debug|Any CPU.ActiveCfg = Debug|Any CPU
		{F5B6E105-4362-4601-946E-6F820147930F}.Debug|Any CPU.Build.0 = Debug|Any CPU
		{F5B6E105-4362-4601-946E-6F820147930F}.Release|Any CPU.ActiveCfg = Release|Any CPU
		{F5B6E105-4362-4601-946E-6F820147930F}.Release|Any CPU.Build.0 = Release|Any CPU
	EndGlobalSection
	GlobalSection(SolutionProperties) = preSolution
		HideSolutionNode = FALSE
	EndGlobalSection
	GlobalSection(ExtensibilityGlobals) = postSolution
		SolutionGuid = {7AE126D9-E71C-41EC-8C81-90C07AD02407}
	EndGlobalSection
EndGlobal
